
Microsoft Visual Studio Solution File, Format Version 12.00
# Visual Studio Version 17
VisualStudioVersion = 17.14.36414.22 d17.14
MinimumVisualStudioVersion = 10.0.40219.1
Project("{FAE04EC0-301F-11D3-BF4B-00C04F79EFBC}") = "ContactApp", "ContactApp\ContactApp.csproj", "{92253833-7DAF-4B90-B846-1FA6A2389718}"
EndProject
Global
	GlobalSection(SolutionConfigurationPlatforms) = preSolution
		Debug|Any CPU = Debug|Any CPU
		Release|Any CPU = Release|Any CPU
	EndGlobalSection
	GlobalSection(ProjectConfigurationPlatforms) = postSolution
		{92253833-7DAF-4B90-B846-1FA6A2389718}.Debug|Any CPU.ActiveCfg = Debug|Any CPU
		{92253833-7DAF-4B90-B846-1FA6A2389718}.Debug|Any CPU.Build.0 = Debug|Any CPU
		{92253833-7DAF-4B90-B846-1FA6A2389718}.Release|Any CPU.ActiveCfg = Release|Any CPU
		{92253833-7DAF-4B90-B846-1FA6A2389718}.Release|Any CPU.Build.0 = Release|Any CPU
	EndGlobalSection
	GlobalSection(SolutionProperties) = preSolution
		HideSolutionNode = FALSE
	EndGlobalSection
	GlobalSection(ExtensibilityGlobals) = postSolution
		SolutionGuid = {ECC12884-840E-43C2-9E8A-76679E96BEFB}
	EndGlobalSection
EndGlobal
